
Microsoft Visual Studio Solution File, Format Version 12.00
# Visual Studio Version 16
VisualStudioVersion = 16.0.28729.10
MinimumVisualStudioVersion = 10.0.40219.1
Project("{9A19103F-16F7-4668-BE54-9A1E7A4F7556}") = "Captura", "Captura\Captura.csproj", "{0B496E01-F328-4969-832C-C75977B4F4E6}"
EndProject
Project("{9A19103F-16F7-4668-BE54-9A1E7A4F7556}") = "Screna", "Screna\Screna.csproj", "{23CB9ADB-BA9F-4618-BD0C-589A00A532E5}"
EndProject
Project("{9A19103F-16F7-4668-BE54-9A1E7A4F7556}") = "Captura.Core", "Captura.Core\Captura.Core.csproj", "{F8568B22-8AC6-49C5-92DF-E1C359FF1FAB}"
EndProject
Project("{9A19103F-16F7-4668-BE54-9A1E7A4F7556}") = "Captura.Console", "Captura.Console\Captura.Console.csproj", "{CC710D4D-DFE8-4B31-BD7E-59AD80737E13}"
EndProject
Project("{9A19103F-16F7-4668-BE54-9A1E7A4F7556}") = "Tests", "Tests\Tests.csproj", "{AF998FD2-10BB-4CB2-802C-B44879776544}"
EndProject
Project("{9A19103F-16F7-4668-BE54-9A1E7A4F7556}") = "Captura.Base", "Captura.Base\Captura.Base.csproj", "{388D8B28-E629-4684-8537-8D78719B69E5}"
EndProject
Project("{9A19103F-16F7-4668-BE54-9A1E7A4F7556}") = "Captura.SharpAvi", "Captura.SharpAvi\Captura.SharpAvi.csproj", "{BB8FF9F8-EC60-4A4A-A3F0-D9FBFB585D86}"
EndProject
Project("{9A19103F-16F7-4668-BE54-9A1E7A4F7556}") = "Captura.MouseKeyHook", "Captura.MouseKeyHook\Captura.MouseKeyHook.csproj", "{6CC6E9C8-9A94-4FB0-8396-47E2ECBD8300}"
EndProject
Project("{9A19103F-16F7-4668-BE54-9A1E7A4F7556}") = "Captura.FFmpeg", "Captura.FFmpeg\Captura.FFmpeg.csproj", "{4E1E8F5B-6A19-48CE-9C1F-B46A0622B32C}"
EndProject
Project("{9A19103F-16F7-4668-BE54-9A1E7A4F7556}") = "Captura.Loc", "Captura.Loc\Captura.Loc.csproj", "{1E4BE8D4-A84F-4389-ACD9-277F1CB5F097}"
EndProject
Project("{9A19103F-16F7-4668-BE54-9A1E7A4F7556}") = "Captura.Hotkeys", "Captura.Hotkeys\Captura.Hotkeys.csproj", "{A9BAFF4D-03E1-4E6A-9075-C50874C04CC7}"
EndProject
Project("{9A19103F-16F7-4668-BE54-9A1E7A4F7556}") = "Captura.Fakes", "Captura.Fakes\Captura.Fakes.csproj", "{0BB58B16-1A6C-4256-AEC2-3EA64541B663}"
EndProject
Project("{9A19103F-16F7-4668-BE54-9A1E7A4F7556}") = "Captura.NAudio", "Captura.NAudio\Captura.NAudio.csproj", "{76BC6324-E205-41DB-B60A-128D9FD66624}"
EndProject
Project("{9A19103F-16F7-4668-BE54-9A1E7A4F7556}") = "Captura.Imgur", "Captura.Imgur\Captura.Imgur.csproj", "{885A212B-2642-40F8-B4CF-12F791D79D25}"
EndProject
Project("{9A19103F-16F7-4668-BE54-9A1E7A4F7556}") = "Captura.ViewCore", "Captura.ViewCore\Captura.ViewCore.csproj", "{AD000798-A5C9-4195-A0C7-55DC80EE8C5F}"
EndProject
Project("{9A19103F-16F7-4668-BE54-9A1E7A4F7556}") = "Captura.YouTube", "Captura.YouTube\Captura.YouTube.csproj", "{224E699E-2B95-4194-BE79-4931815D8F21}"
EndProject
Project("{9A19103F-16F7-4668-BE54-9A1E7A4F7556}") = "Captura.Windows", "Captura.Windows\Captura.Windows.csproj", "{5B10DDF4-246B-47D0-82BF-95BF3256946E}"
EndProject
Project("{9A19103F-16F7-4668-BE54-9A1E7A4F7556}") = "Captura.Audio", "Captura.Audio\Captura.Audio.csproj", "{D29DE716-EDDF-4CFB-8430-D07CCACB0921}"
EndProject
Project("{2150E333-8FDC-42A3-9474-1A3956D46DE8}") = "Audio", "Audio", "{E645F466-C7D6-469A-B4CC-B0917703318C}"
EndProject
Global
	GlobalSection(SolutionConfigurationPlatforms) = preSolution
		Debug|Any CPU = Debug|Any CPU
		Release|Any CPU = Release|Any CPU
	EndGlobalSection
	GlobalSection(ProjectConfigurationPlatforms) = postSolution
		{0B496E01-F328-4969-832C-C75977B4F4E6}.Debug|Any CPU.ActiveCfg = Debug|Any CPU
		{0B496E01-F328-4969-832C-C75977B4F4E6}.Debug|Any CPU.Build.0 = Debug|Any CPU
		{0B496E01-F328-4969-832C-C75977B4F4E6}.Release|Any CPU.ActiveCfg = Release|Any CPU
		{0B496E01-F328-4969-832C-C75977B4F4E6}.Release|Any CPU.Build.0 = Release|Any CPU
		{23CB9ADB-BA9F-4618-BD0C-589A00A532E5}.Debug|Any CPU.ActiveCfg = Debug|Any CPU
		{23CB9ADB-BA9F-4618-BD0C-589A00A532E5}.Debug|Any CPU.Build.0 = Debug|Any CPU
		{23CB9ADB-BA9F-4618-BD0C-589A00A532E5}.Release|Any CPU.ActiveCfg = Release|Any CPU
		{23CB9ADB-BA9F-4618-BD0C-589A00A532E5}.Release|Any CPU.Build.0 = Release|Any CPU
		{F8568B22-8AC6-49C5-92DF-E1C359FF1FAB}.Debug|Any CPU.ActiveCfg = Debug|Any CPU
		{F8568B22-8AC6-49C5-92DF-E1C359FF1FAB}.Debug|Any CPU.Build.0 = Debug|Any CPU
		{F8568B22-8AC6-49C5-92DF-E1C359FF1FAB}.Release|Any CPU.ActiveCfg = Release|Any CPU
		{F8568B22-8AC6-49C5-92DF-E1C359FF1FAB}.Release|Any CPU.Build.0 = Release|Any CPU
		{CC710D4D-DFE8-4B31-BD7E-59AD80737E13}.Debug|Any CPU.ActiveCfg = Debug|Any CPU
		{CC710D4D-DFE8-4B31-BD7E-59AD80737E13}.Debug|Any CPU.Build.0 = Debug|Any CPU
		{CC710D4D-DFE8-4B31-BD7E-59AD80737E13}.Release|Any CPU.ActiveCfg = Release|Any CPU
		{CC710D4D-DFE8-4B31-BD7E-59AD80737E13}.Release|Any CPU.Build.0 = Release|Any CPU
		{AF998FD2-10BB-4CB2-802C-B44879776544}.Debug|Any CPU.ActiveCfg = Debug|Any CPU
		{AF998FD2-10BB-4CB2-802C-B44879776544}.Debug|Any CPU.Build.0 = Debug|Any CPU
		{AF998FD2-10BB-4CB2-802C-B44879776544}.Release|Any CPU.ActiveCfg = Release|Any CPU
		{AF998FD2-10BB-4CB2-802C-B44879776544}.Release|Any CPU.Build.0 = Release|Any CPU
		{388D8B28-E629-4684-8537-8D78719B69E5}.Debug|Any CPU.ActiveCfg = Debug|Any CPU
		{388D8B28-E629-4684-8537-8D78719B69E5}.Debug|Any CPU.Build.0 = Debug|Any CPU
		{388D8B28-E629-4684-8537-8D78719B69E5}.Release|Any CPU.ActiveCfg = Release|Any CPU
		{388D8B28-E629-4684-8537-8D78719B69E5}.Release|Any CPU.Build.0 = Release|Any CPU
		{BB8FF9F8-EC60-4A4A-A3F0-D9FBFB585D86}.Debug|Any CPU.ActiveCfg = Debug|Any CPU
		{BB8FF9F8-EC60-4A4A-A3F0-D9FBFB585D86}.Debug|Any CPU.Build.0 = Debug|Any CPU
		{BB8FF9F8-EC60-4A4A-A3F0-D9FBFB585D86}.Release|Any CPU.ActiveCfg = Release|Any CPU
		{BB8FF9F8-EC60-4A4A-A3F0-D9FBFB585D86}.Release|Any CPU.Build.0 = Release|Any CPU
		{6CC6E9C8-9A94-4FB0-8396-47E2ECBD8300}.Debug|Any CPU.ActiveCfg = Debug|Any CPU
		{6CC6E9C8-9A94-4FB0-8396-47E2ECBD8300}.Debug|Any CPU.Build.0 = Debug|Any CPU
		{6CC6E9C8-9A94-4FB0-8396-47E2ECBD8300}.Release|Any CPU.ActiveCfg = Release|Any CPU
		{6CC6E9C8-9A94-4FB0-8396-47E2ECBD8300}.Release|Any CPU.Build.0 = Release|Any CPU
		{4E1E8F5B-6A19-48CE-9C1F-B46A0622B32C}.Debug|Any CPU.ActiveCfg = Debug|Any CPU
		{4E1E8F5B-6A19-48CE-9C1F-B46A0622B32C}.Debug|Any CPU.Build.0 = Debug|Any CPU
		{4E1E8F5B-6A19-48CE-9C1F-B46A0622B32C}.Release|Any CPU.ActiveCfg = Release|Any CPU
		{4E1E8F5B-6A19-48CE-9C1F-B46A0622B32C}.Release|Any CPU.Build.0 = Release|Any CPU
		{1E4BE8D4-A84F-4389-ACD9-277F1CB5F097}.Debug|Any CPU.ActiveCfg = Debug|Any CPU
		{1E4BE8D4-A84F-4389-ACD9-277F1CB5F097}.Debug|Any CPU.Build.0 = Debug|Any CPU
		{1E4BE8D4-A84F-4389-ACD9-277F1CB5F097}.Release|Any CPU.ActiveCfg = Release|Any CPU
		{1E4BE8D4-A84F-4389-ACD9-277F1CB5F097}.Release|Any CPU.Build.0 = Release|Any CPU
		{A9BAFF4D-03E1-4E6A-9075-C50874C04CC7}.Debug|Any CPU.ActiveCfg = Debug|Any CPU
		{A9BAFF4D-03E1-4E6A-9075-C50874C04CC7}.Debug|Any CPU.Build.0 = Debug|Any CPU
		{A9BAFF4D-03E1-4E6A-9075-C50874C04CC7}.Release|Any CPU.ActiveCfg = Release|Any CPU
		{A9BAFF4D-03E1-4E6A-9075-C50874C04CC7}.Release|Any CPU.Build.0 = Release|Any CPU
		{0BB58B16-1A6C-4256-AEC2-3EA64541B663}.Debug|Any CPU.ActiveCfg = Debug|Any CPU
		{0BB58B16-1A6C-4256-AEC2-3EA64541B663}.Debug|Any CPU.Build.0 = Debug|Any CPU
		{0BB58B16-1A6C-4256-AEC2-3EA64541B663}.Release|Any CPU.ActiveCfg = Release|Any CPU
		{0BB58B16-1A6C-4256-AEC2-3EA64541B663}.Release|Any CPU.Build.0 = Release|Any CPU
		{76BC6324-E205-41DB-B60A-128D9FD66624}.Debug|Any CPU.ActiveCfg = Debug|Any CPU
		{76BC6324-E205-41DB-B60A-128D9FD66624}.Debug|Any CPU.Build.0 = Debug|Any CPU
		{76BC6324-E205-41DB-B60A-128D9FD66624}.Release|Any CPU.ActiveCfg = Release|Any CPU
		{76BC6324-E205-41DB-B60A-128D9FD66624}.Release|Any CPU.Build.0 = Release|Any CPU
		{885A212B-2642-40F8-B4CF-12F791D79D25}.Debug|Any CPU.ActiveCfg = Debug|Any CPU
		{885A212B-2642-40F8-B4CF-12F791D79D25}.Debug|Any CPU.Build.0 = Debug|Any CPU
		{885A212B-2642-40F8-B4CF-12F791D79D25}.Release|Any CPU.ActiveCfg = Release|Any CPU
		{885A212B-2642-40F8-B4CF-12F791D79D25}.Release|Any CPU.Build.0 = Release|Any CPU
		{AD000798-A5C9-4195-A0C7-55DC80EE8C5F}.Debug|Any CPU.ActiveCfg = Debug|Any CPU
		{AD000798-A5C9-4195-A0C7-55DC80EE8C5F}.Debug|Any CPU.Build.0 = Debug|Any CPU
		{AD000798-A5C9-4195-A0C7-55DC80EE8C5F}.Release|Any CPU.ActiveCfg = Release|Any CPU
		{AD000798-A5C9-4195-A0C7-55DC80EE8C5F}.Release|Any CPU.Build.0 = Release|Any CPU
		{224E699E-2B95-4194-BE79-4931815D8F21}.Debug|Any CPU.ActiveCfg = Debug|Any CPU
		{224E699E-2B95-4194-BE79-4931815D8F21}.Debug|Any CPU.Build.0 = Debug|Any CPU
		{224E699E-2B95-4194-BE79-4931815D8F21}.Release|Any CPU.ActiveCfg = Release|Any CPU
		{224E699E-2B95-4194-BE79-4931815D8F21}.Release|Any CPU.Build.0 = Release|Any CPU
		{5B10DDF4-246B-47D0-82BF-95BF3256946E}.Debug|Any CPU.ActiveCfg = Debug|Any CPU
		{5B10DDF4-246B-47D0-82BF-95BF3256946E}.Debug|Any CPU.Build.0 = Debug|Any CPU
		{5B10DDF4-246B-47D0-82BF-95BF3256946E}.Release|Any CPU.ActiveCfg = Release|Any CPU
		{5B10DDF4-246B-47D0-82BF-95BF3256946E}.Release|Any CPU.Build.0 = Release|Any CPU
		{D29DE716-EDDF-4CFB-8430-D07CCACB0921}.Debug|Any CPU.ActiveCfg = Debug|Any CPU
		{D29DE716-EDDF-4CFB-8430-D07CCACB0921}.Debug|Any CPU.Build.0 = Debug|Any CPU
		{D29DE716-EDDF-4CFB-8430-D07CCACB0921}.Release|Any CPU.ActiveCfg = Release|Any CPU
		{D29DE716-EDDF-4CFB-8430-D07CCACB0921}.Release|Any CPU.Build.0 = Release|Any CPU
	EndGlobalSection
	GlobalSection(SolutionProperties) = preSolution
		HideSolutionNode = FALSE
	EndGlobalSection
	GlobalSection(NestedProjects) = preSolution
		{76BC6324-E205-41DB-B60A-128D9FD66624} = {E645F466-C7D6-469A-B4CC-B0917703318C}
		{D29DE716-EDDF-4CFB-8430-D07CCACB0921} = {E645F466-C7D6-469A-B4CC-B0917703318C}
	EndGlobalSection
	GlobalSection(ExtensibilityGlobals) = postSolution
		SolutionGuid = {7740D998-67E7-4F55-8FB1-72606E480904}
	EndGlobalSection
EndGlobal
