
Microsoft Visual Studio Solution File, Format Version 12.00
# Visual Studio 15
VisualStudioVersion = 15.0.26206.0
MinimumVisualStudioVersion = 10.0.40219.1
Project("{FAE04EC0-301F-11D3-BF4B-00C04F79EFBC}") = "Captura", "Captura.csproj", "{0B496E01-F328-4969-832C-C75977B4F4E6}"
EndProject
Project("{FAE04EC0-301F-11D3-BF4B-00C04F79EFBC}") = "Screna", "..\Screna\src\Core\Screna.csproj", "{23CB9ADB-BA9F-4618-BD0C-589A00A532E5}"
EndProject
Project("{FAE04EC0-301F-11D3-BF4B-00C04F79EFBC}") = "Screna.MouseKeyHook", "..\Screna\src\Extensions\Screna.MouseKeyHook\Screna.MouseKeyHook.csproj", "{BFA19237-2364-484E-8C95-166409769081}"
EndProject
Project("{FAE04EC0-301F-11D3-BF4B-00C04F79EFBC}") = "Screna.SharpAvi", "..\Screna\src\Extensions\Screna.SharpAvi\Screna.SharpAvi.csproj", "{38AA61F3-EC21-4722-B36E-FA52DF1A28AB}"
EndProject
Project("{FAE04EC0-301F-11D3-BF4B-00C04F79EFBC}") = "Screna.Bass", "..\Screna\src\Extensions\Screna.Bass\Screna.Bass.csproj", "{3EBFE614-C01A-4680-8EF4-5BA144511788}"
EndProject
Project("{2150E333-8FDC-42A3-9474-1A3956D46DE8}") = "Screna", "Screna", "{82416D7D-4A91-466E-AEF5-3A28DDE97963}"
EndProject
Global
	GlobalSection(SolutionConfigurationPlatforms) = preSolution
		Debug|Any CPU = Debug|Any CPU
		Release|Any CPU = Release|Any CPU
	EndGlobalSection
	GlobalSection(ProjectConfigurationPlatforms) = postSolution
		{0B496E01-F328-4969-832C-C75977B4F4E6}.Debug|Any CPU.ActiveCfg = Debug|Any CPU
		{0B496E01-F328-4969-832C-C75977B4F4E6}.Debug|Any CPU.Build.0 = Debug|Any CPU
		{0B496E01-F328-4969-832C-C75977B4F4E6}.Release|Any CPU.ActiveCfg = Release|Any CPU
		{0B496E01-F328-4969-832C-C75977B4F4E6}.Release|Any CPU.Build.0 = Release|Any CPU
		{23CB9ADB-BA9F-4618-BD0C-589A00A532E5}.Debug|Any CPU.ActiveCfg = Debug|Any CPU
		{23CB9ADB-BA9F-4618-BD0C-589A00A532E5}.Debug|Any CPU.Build.0 = Debug|Any CPU
		{23CB9ADB-BA9F-4618-BD0C-589A00A532E5}.Release|Any CPU.ActiveCfg = Release|Any CPU
		{23CB9ADB-BA9F-4618-BD0C-589A00A532E5}.Release|Any CPU.Build.0 = Release|Any CPU
		{BFA19237-2364-484E-8C95-166409769081}.Debug|Any CPU.ActiveCfg = Debug|Any CPU
		{BFA19237-2364-484E-8C95-166409769081}.Debug|Any CPU.Build.0 = Debug|Any CPU
		{BFA19237-2364-484E-8C95-166409769081}.Release|Any CPU.ActiveCfg = Release|Any CPU
		{BFA19237-2364-484E-8C95-166409769081}.Release|Any CPU.Build.0 = Release|Any CPU
		{38AA61F3-EC21-4722-B36E-FA52DF1A28AB}.Debug|Any CPU.ActiveCfg = Debug|Any CPU
		{38AA61F3-EC21-4722-B36E-FA52DF1A28AB}.Debug|Any CPU.Build.0 = Debug|Any CPU
		{38AA61F3-EC21-4722-B36E-FA52DF1A28AB}.Release|Any CPU.ActiveCfg = Release|Any CPU
		{38AA61F3-EC21-4722-B36E-FA52DF1A28AB}.Release|Any CPU.Build.0 = Release|Any CPU
		{3EBFE614-C01A-4680-8EF4-5BA144511788}.Debug|Any CPU.ActiveCfg = Debug|Any CPU
		{3EBFE614-C01A-4680-8EF4-5BA144511788}.Debug|Any CPU.Build.0 = Debug|Any CPU
		{3EBFE614-C01A-4680-8EF4-5BA144511788}.Release|Any CPU.ActiveCfg = Release|Any CPU
		{3EBFE614-C01A-4680-8EF4-5BA144511788}.Release|Any CPU.Build.0 = Release|Any CPU
	EndGlobalSection
	GlobalSection(SolutionProperties) = preSolution
		HideSolutionNode = FALSE
	EndGlobalSection
	GlobalSection(NestedProjects) = preSolution
		{23CB9ADB-BA9F-4618-BD0C-589A00A532E5} = {82416D7D-4A91-466E-AEF5-3A28DDE97963}
		{BFA19237-2364-484E-8C95-166409769081} = {82416D7D-4A91-466E-AEF5-3A28DDE97963}
		{38AA61F3-EC21-4722-B36E-FA52DF1A28AB} = {82416D7D-4A91-466E-AEF5-3A28DDE97963}
		{3EBFE614-C01A-4680-8EF4-5BA144511788} = {82416D7D-4A91-466E-AEF5-3A28DDE97963}
	EndGlobalSection
EndGlobal
